// !$*UTF8*$!
{
	archiveVersion = 1;
	classes = {
	};
	objectVersion = 50;
	objects = {

/* Begin PBXBuildFile section */
		08BBE888237376D700DFF2F7 /* AppDelegate.swift in Sources */ = {isa = PBXBuildFile; fileRef = 08BBE887237376D700DFF2F7 /* AppDelegate.swift */; };
		08BBE88A237376D700DFF2F7 /* SceneDelegate.swift in Sources */ = {isa = PBXBuildFile; fileRef = 08BBE889237376D700DFF2F7 /* SceneDelegate.swift */; };
		08BBE88C237376D700DFF2F7 /* ViewController.swift in Sources */ = {isa = PBXBuildFile; fileRef = 08BBE88B237376D700DFF2F7 /* ViewController.swift */; };
		08BBE88F237376D700DFF2F7 /* Main.storyboard in Resources */ = {isa = PBXBuildFile; fileRef = 08BBE88D237376D700DFF2F7 /* Main.storyboard */; };
		08BBE891237376DA00DFF2F7 /* Assets.xcassets in Resources */ = {isa = PBXBuildFile; fileRef = 08BBE890237376DA00DFF2F7 /* Assets.xcassets */; };
		08BBE894237376DA00DFF2F7 /* LaunchScreen.storyboard in Resources */ = {isa = PBXBuildFile; fileRef = 08BBE892237376DA00DFF2F7 /* LaunchScreen.storyboard */; };
		08BBE89F237376DA00DFF2F7 /* FourSquare_Map_ProjectTests.swift in Sources */ = {isa = PBXBuildFile; fileRef = 08BBE89E237376DA00DFF2F7 /* FourSquare_Map_ProjectTests.swift */; };
		08BBE8AB2373776900DFF2F7 /* Secrets.swift in Sources */ = {isa = PBXBuildFile; fileRef = 08BBE8AA2373776900DFF2F7 /* Secrets.swift */; };
/* End PBXBuildFile section */

/* Begin PBXContainerItemProxy section */
		08BBE89B237376DA00DFF2F7 /* PBXContainerItemProxy */ = {
			isa = PBXContainerItemProxy;
			containerPortal = 08BBE87C237376D700DFF2F7 /* Project object */;
			proxyType = 1;
			remoteGlobalIDString = 08BBE883237376D700DFF2F7;
			remoteInfo = "FourSquare Map Project";
		};
/* End PBXContainerItemProxy section */

/* Begin PBXFileReference section */
		08BBE884237376D700DFF2F7 /* FourSquare Map Project.app */ = {isa = PBXFileReference; explicitFileType = wrapper.application; includeInIndex = 0; path = "FourSquare Map Project.app"; sourceTree = BUILT_PRODUCTS_DIR; };
		08BBE887237376D700DFF2F7 /* AppDelegate.swift */ = {isa = PBXFileReference; lastKnownFileType = sourcecode.swift; path = AppDelegate.swift; sourceTree = "<group>"; };
		08BBE889237376D700DFF2F7 /* SceneDelegate.swift */ = {isa = PBXFileReference; lastKnownFileType = sourcecode.swift; path = SceneDelegate.swift; sourceTree = "<group>"; };
		08BBE88B237376D700DFF2F7 /* ViewController.swift */ = {isa = PBXFileReference; lastKnownFileType = sourcecode.swift; path = ViewController.swift; sourceTree = "<group>"; };
		08BBE88E237376D700DFF2F7 /* Base */ = {isa = PBXFileReference; lastKnownFileType = file.storyboard; name = Base; path = Base.lproj/Main.storyboard; sourceTree = "<group>"; };
		08BBE890237376DA00DFF2F7 /* Assets.xcassets */ = {isa = PBXFileReference; lastKnownFileType = folder.assetcatalog; path = Assets.xcassets; sourceTree = "<group>"; };
		08BBE893237376DA00DFF2F7 /* Base */ = {isa = PBXFileReference; lastKnownFileType = file.storyboard; name = Base; path = Base.lproj/LaunchScreen.storyboard; sourceTree = "<group>"; };
		08BBE895237376DA00DFF2F7 /* Info.plist */ = {isa = PBXFileReference; lastKnownFileType = text.plist.xml; path = Info.plist; sourceTree = "<group>"; };
		08BBE89A237376DA00DFF2F7 /* FourSquare Map ProjectTests.xctest */ = {isa = PBXFileReference; explicitFileType = wrapper.cfbundle; includeInIndex = 0; path = "FourSquare Map ProjectTests.xctest"; sourceTree = BUILT_PRODUCTS_DIR; };
		08BBE89E237376DA00DFF2F7 /* FourSquare_Map_ProjectTests.swift */ = {isa = PBXFileReference; lastKnownFileType = sourcecode.swift; path = FourSquare_Map_ProjectTests.swift; sourceTree = "<group>"; };
		08BBE8A0237376DA00DFF2F7 /* Info.plist */ = {isa = PBXFileReference; lastKnownFileType = text.plist.xml; path = Info.plist; sourceTree = "<group>"; };
		08BBE8AA2373776900DFF2F7 /* Secrets.swift */ = {isa = PBXFileReference; lastKnownFileType = sourcecode.swift; path = Secrets.swift; sourceTree = "<group>"; };
/* End PBXFileReference section */

/* Begin PBXFrameworksBuildPhase section */
		08BBE881237376D700DFF2F7 /* Frameworks */ = {
			isa = PBXFrameworksBuildPhase;
			buildActionMask = 2147483647;
			files = (
			);
			runOnlyForDeploymentPostprocessing = 0;
		};
		08BBE897237376DA00DFF2F7 /* Frameworks */ = {
			isa = PBXFrameworksBuildPhase;
			buildActionMask = 2147483647;
			files = (
			);
			runOnlyForDeploymentPostprocessing = 0;
		};
/* End PBXFrameworksBuildPhase section */

/* Begin PBXGroup section */
		08BBE87B237376D700DFF2F7 = {
			isa = PBXGroup;
			children = (
				08BBE886237376D700DFF2F7 /* FourSquare Map Project */,
				08BBE89D237376DA00DFF2F7 /* FourSquare Map ProjectTests */,
				08BBE885237376D700DFF2F7 /* Products */,
			);
			sourceTree = "<group>";
		};
		08BBE885237376D700DFF2F7 /* Products */ = {
			isa = PBXGroup;
			children = (
				08BBE884237376D700DFF2F7 /* FourSquare Map Project.app */,
				08BBE89A237376DA00DFF2F7 /* FourSquare Map ProjectTests.xctest */,
			);
			name = Products;
			sourceTree = "<group>";
		};
		08BBE886237376D700DFF2F7 /* FourSquare Map Project */ = {
			isa = PBXGroup;
			children = (
				08BBE88B237376D700DFF2F7 /* ViewController.swift */,
				08BBE88D237376D700DFF2F7 /* Main.storyboard */,
				08BBE8A9237376E900DFF2F7 /* Supporting Files */,
				08BBE890237376DA00DFF2F7 /* Assets.xcassets */,
				08BBE895237376DA00DFF2F7 /* Info.plist */,
			);
			path = "FourSquare Map Project";
			sourceTree = "<group>";
		};
		08BBE89D237376DA00DFF2F7 /* FourSquare Map ProjectTests */ = {
			isa = PBXGroup;
			children = (
				08BBE89E237376DA00DFF2F7 /* FourSquare_Map_ProjectTests.swift */,
				08BBE8A0237376DA00DFF2F7 /* Info.plist */,
			);
			path = "FourSquare Map ProjectTests";
			sourceTree = "<group>";
		};
		08BBE8A9237376E900DFF2F7 /* Supporting Files */ = {
			isa = PBXGroup;
			children = (
				08BBE887237376D700DFF2F7 /* AppDelegate.swift */,
				08BBE889237376D700DFF2F7 /* SceneDelegate.swift */,
				08BBE892237376DA00DFF2F7 /* LaunchScreen.storyboard */,
				08BBE8AA2373776900DFF2F7 /* Secrets.swift */,
			);
			path = "Supporting Files";
			sourceTree = "<group>";
		};
/* End PBXGroup section */

/* Begin PBXNativeTarget section */
		08BBE883237376D700DFF2F7 /* FourSquare Map Project */ = {
			isa = PBXNativeTarget;
			buildConfigurationList = 08BBE8A3237376DA00DFF2F7 /* Build configuration list for PBXNativeTarget "FourSquare Map Project" */;
			buildPhases = (
				08BBE880237376D700DFF2F7 /* Sources */,
				08BBE881237376D700DFF2F7 /* Frameworks */,
				08BBE882237376D700DFF2F7 /* Resources */,
			);
			buildRules = (
			);
			dependencies = (
			);
			name = "FourSquare Map Project";
			productName = "FourSquare Map Project";
			productReference = 08BBE884237376D700DFF2F7 /* FourSquare Map Project.app */;
			productType = "com.apple.product-type.application";
		};
		08BBE899237376DA00DFF2F7 /* FourSquare Map ProjectTests */ = {
			isa = PBXNativeTarget;
			buildConfigurationList = 08BBE8A6237376DA00DFF2F7 /* Build configuration list for PBXNativeTarget "FourSquare Map ProjectTests" */;
			buildPhases = (
				08BBE896237376DA00DFF2F7 /* Sources */,
				08BBE897237376DA00DFF2F7 /* Frameworks */,
				08BBE898237376DA00DFF2F7 /* Resources */,
			);
			buildRules = (
			);
			dependencies = (
				08BBE89C237376DA00DFF2F7 /* PBXTargetDependency */,
			);
			name = "FourSquare Map ProjectTests";
			productName = "FourSquare Map ProjectTests";
			productReference = 08BBE89A237376DA00DFF2F7 /* FourSquare Map ProjectTests.xctest */;
			productType = "com.apple.product-type.bundle.unit-test";
		};
/* End PBXNativeTarget section */

/* Begin PBXProject section */
		08BBE87C237376D700DFF2F7 /* Project object */ = {
			isa = PBXProject;
			attributes = {
				LastSwiftUpdateCheck = 1110;
				LastUpgradeCheck = 1110;
				ORGANIZATIONNAME = "Jason Ruan";
				TargetAttributes = {
					08BBE883237376D700DFF2F7 = {
						CreatedOnToolsVersion = 11.1;
					};
					08BBE899237376DA00DFF2F7 = {
						CreatedOnToolsVersion = 11.1;
						TestTargetID = 08BBE883237376D700DFF2F7;
					};
				};
			};
			buildConfigurationList = 08BBE87F237376D700DFF2F7 /* Build configuration list for PBXProject "FourSquare Map Project" */;
			compatibilityVersion = "Xcode 9.3";
			developmentRegion = en;
			hasScannedForEncodings = 0;
			knownRegions = (
				en,
				Base,
			);
			mainGroup = 08BBE87B237376D700DFF2F7;
			productRefGroup = 08BBE885237376D700DFF2F7 /* Products */;
			projectDirPath = "";
			projectRoot = "";
			targets = (
				08BBE883237376D700DFF2F7 /* FourSquare Map Project */,
				08BBE899237376DA00DFF2F7 /* FourSquare Map ProjectTests */,
			);
		};
/* End PBXProject section */

/* Begin PBXResourcesBuildPhase section */
		08BBE882237376D700DFF2F7 /* Resources */ = {
			isa = PBXResourcesBuildPhase;
			buildActionMask = 2147483647;
			files = (
				08BBE894237376DA00DFF2F7 /* LaunchScreen.storyboard in Resources */,
				08BBE891237376DA00DFF2F7 /* Assets.xcassets in Resources */,
				08BBE88F237376D700DFF2F7 /* Main.storyboard in Resources */,
			);
			runOnlyForDeploymentPostprocessing = 0;
		};
		08BBE898237376DA00DFF2F7 /* Resources */ = {
			isa = PBXResourcesBuildPhase;
			buildActionMask = 2147483647;
			files = (
			);
			runOnlyForDeploymentPostprocessing = 0;
		};
/* End PBXResourcesBuildPhase section */

/* Begin PBXSourcesBuildPhase section */
		08BBE880237376D700DFF2F7 /* Sources */ = {
			isa = PBXSourcesBuildPhase;
			buildActionMask = 2147483647;
			files = (
				08BBE88C237376D700DFF2F7 /* ViewController.swift in Sources */,
				08BBE8AB2373776900DFF2F7 /* Secrets.swift in Sources */,
				08BBE888237376D700DFF2F7 /* AppDelegate.swift in Sources */,
				08BBE88A237376D700DFF2F7 /* SceneDelegate.swift in Sources */,
			);
			runOnlyForDeploymentPostprocessing = 0;
		};
		08BBE896237376DA00DFF2F7 /* Sources */ = {
			isa = PBXSourcesBuildPhase;
			buildActionMask = 2147483647;
			files = (
				08BBE89F237376DA00DFF2F7 /* FourSquare_Map_ProjectTests.swift in Sources */,
			);
			runOnlyForDeploymentPostprocessing = 0;
		};
/* End PBXSourcesBuildPhase section */

/* Begin PBXTargetDependency section */
		08BBE89C237376DA00DFF2F7 /* PBXTargetDependency */ = {
			isa = PBXTargetDependency;
			target = 08BBE883237376D700DFF2F7 /* FourSquare Map Project */;
			targetProxy = 08BBE89B237376DA00DFF2F7 /* PBXContainerItemProxy */;
		};
/* End PBXTargetDependency section */

/* Begin PBXVariantGroup section */
		08BBE88D237376D700DFF2F7 /* Main.storyboard */ = {
			isa = PBXVariantGroup;
			children = (
				08BBE88E237376D700DFF2F7 /* Base */,
			);
			name = Main.storyboard;
			sourceTree = "<group>";
		};
		08BBE892237376DA00DFF2F7 /* LaunchScreen.storyboard */ = {
			isa = PBXVariantGroup;
			children = (
				08BBE893237376DA00DFF2F7 /* Base */,
			);
			name = LaunchScreen.storyboard;
			sourceTree = "<group>";
		};
/* End PBXVariantGroup section */

/* Begin XCBuildConfiguration section */
		08BBE8A1237376DA00DFF2F7 /* Debug */ = {
			isa = XCBuildConfiguration;
			buildSettings = {
				ALWAYS_SEARCH_USER_PATHS = NO;
				CLANG_ANALYZER_NONNULL = YES;
				CLANG_ANALYZER_NUMBER_OBJECT_CONVERSION = YES_AGGRESSIVE;
				CLANG_CXX_LANGUAGE_STANDARD = "gnu++14";
				CLANG_CXX_LIBRARY = "libc++";
				CLANG_ENABLE_MODULES = YES;
				CLANG_ENABLE_OBJC_ARC = YES;
				CLANG_ENABLE_OBJC_WEAK = YES;
				CLANG_WARN_BLOCK_CAPTURE_AUTORELEASING = YES;
				CLANG_WARN_BOOL_CONVERSION = YES;
				CLANG_WARN_COMMA = YES;
				CLANG_WARN_CONSTANT_CONVERSION = YES;
				CLANG_WARN_DEPRECATED_OBJC_IMPLEMENTATIONS = YES;
				CLANG_WARN_DIRECT_OBJC_ISA_USAGE = YES_ERROR;
				CLANG_WARN_DOCUMENTATION_COMMENTS = YES;
				CLANG_WARN_EMPTY_BODY = YES;
				CLANG_WARN_ENUM_CONVERSION = YES;
				CLANG_WARN_INFINITE_RECURSION = YES;
				CLANG_WARN_INT_CONVERSION = YES;
				CLANG_WARN_NON_LITERAL_NULL_CONVERSION = YES;
				CLANG_WARN_OBJC_IMPLICIT_RETAIN_SELF = YES;
				CLANG_WARN_OBJC_LITERAL_CONVERSION = YES;
				CLANG_WARN_OBJC_ROOT_CLASS = YES_ERROR;
				CLANG_WARN_RANGE_LOOP_ANALYSIS = YES;
				CLANG_WARN_STRICT_PROTOTYPES = YES;
				CLANG_WARN_SUSPICIOUS_MOVE = YES;
				CLANG_WARN_UNGUARDED_AVAILABILITY = YES_AGGRESSIVE;
				CLANG_WARN_UNREACHABLE_CODE = YES;
				CLANG_WARN__DUPLICATE_METHOD_MATCH = YES;
				COPY_PHASE_STRIP = NO;
				DEBUG_INFORMATION_FORMAT = dwarf;
				ENABLE_STRICT_OBJC_MSGSEND = YES;
				ENABLE_TESTABILITY = YES;
				GCC_C_LANGUAGE_STANDARD = gnu11;
				GCC_DYNAMIC_NO_PIC = NO;
				GCC_NO_COMMON_BLOCKS = YES;
				GCC_OPTIMIZATION_LEVEL = 0;
				GCC_PREPROCESSOR_DEFINITIONS = (
					"DEBUG=1",
					"$(inherited)",
				);
				GCC_WARN_64_TO_32_BIT_CONVERSION = YES;
				GCC_WARN_ABOUT_RETURN_TYPE = YES_ERROR;
				GCC_WARN_UNDECLARED_SELECTOR = YES;
				GCC_WARN_UNINITIALIZED_AUTOS = YES_AGGRESSIVE;
				GCC_WARN_UNUSED_FUNCTION = YES;
				GCC_WARN_UNUSED_VARIABLE = YES;
				IPHONEOS_DEPLOYMENT_TARGET = 13.1;
				MTL_ENABLE_DEBUG_INFO = INCLUDE_SOURCE;
				MTL_FAST_MATH = YES;
				ONLY_ACTIVE_ARCH = YES;
				SDKROOT = iphoneos;
				SWIFT_ACTIVE_COMPILATION_CONDITIONS = DEBUG;
				SWIFT_OPTIMIZATION_LEVEL = "-Onone";
			};
			name = Debug;
		};
		08BBE8A2237376DA00DFF2F7 /* Release */ = {
			isa = XCBuildConfiguration;
			buildSettings = {
				ALWAYS_SEARCH_USER_PATHS = NO;
				CLANG_ANALYZER_NONNULL = YES;
				CLANG_ANALYZER_NUMBER_OBJECT_CONVERSION = YES_AGGRESSIVE;
				CLANG_CXX_LANGUAGE_STANDARD = "gnu++14";
				CLANG_CXX_LIBRARY = "libc++";
				CLANG_ENABLE_MODULES = YES;
				CLANG_ENABLE_OBJC_ARC = YES;
				CLANG_ENABLE_OBJC_WEAK = YES;
				CLANG_WARN_BLOCK_CAPTURE_AUTORELEASING = YES;
				CLANG_WARN_BOOL_CONVERSION = YES;
				CLANG_WARN_COMMA = YES;
				CLANG_WARN_CONSTANT_CONVERSION = YES;
				CLANG_WARN_DEPRECATED_OBJC_IMPLEMENTATIONS = YES;
				CLANG_WARN_DIRECT_OBJC_ISA_USAGE = YES_ERROR;
				CLANG_WARN_DOCUMENTATION_COMMENTS = YES;
				CLANG_WARN_EMPTY_BODY = YES;
				CLANG_WARN_ENUM_CONVERSION = YES;
				CLANG_WARN_INFINITE_RECURSION = YES;
				CLANG_WARN_INT_CONVERSION = YES;
				CLANG_WARN_NON_LITERAL_NULL_CONVERSION = YES;
				CLANG_WARN_OBJC_IMPLICIT_RETAIN_SELF = YES;
				CLANG_WARN_OBJC_LITERAL_CONVERSION = YES;
				CLANG_WARN_OBJC_ROOT_CLASS = YES_ERROR;
				CLANG_WARN_RANGE_LOOP_ANALYSIS = YES;
				CLANG_WARN_STRICT_PROTOTYPES = YES;
				CLANG_WARN_SUSPICIOUS_MOVE = YES;
				CLANG_WARN_UNGUARDED_AVAILABILITY = YES_AGGRESSIVE;
				CLANG_WARN_UNREACHABLE_CODE = YES;
				CLANG_WARN__DUPLICATE_METHOD_MATCH = YES;
				COPY_PHASE_STRIP = NO;
				DEBUG_INFORMATION_FORMAT = "dwarf-with-dsym";
				ENABLE_NS_ASSERTIONS = NO;
				ENABLE_STRICT_OBJC_MSGSEND = YES;
				GCC_C_LANGUAGE_STANDARD = gnu11;
				GCC_NO_COMMON_BLOCKS = YES;
				GCC_WARN_64_TO_32_BIT_CONVERSION = YES;
				GCC_WARN_ABOUT_RETURN_TYPE = YES_ERROR;
				GCC_WARN_UNDECLARED_SELECTOR = YES;
				GCC_WARN_UNINITIALIZED_AUTOS = YES_AGGRESSIVE;
				GCC_WARN_UNUSED_FUNCTION = YES;
				GCC_WARN_UNUSED_VARIABLE = YES;
				IPHONEOS_DEPLOYMENT_TARGET = 13.1;
				MTL_ENABLE_DEBUG_INFO = NO;
				MTL_FAST_MATH = YES;
				SDKROOT = iphoneos;
				SWIFT_COMPILATION_MODE = wholemodule;
				SWIFT_OPTIMIZATION_LEVEL = "-O";
				VALIDATE_PRODUCT = YES;
			};
			name = Release;
		};
		08BBE8A4237376DA00DFF2F7 /* Debug */ = {
			isa = XCBuildConfiguration;
			buildSettings = {
				ASSETCATALOG_COMPILER_APPICON_NAME = AppIcon;
				CODE_SIGN_STYLE = Automatic;
				DEVELOPMENT_TEAM = P7Q76CBS9B;
				INFOPLIST_FILE = "FourSquare Map Project/Info.plist";
				LD_RUNPATH_SEARCH_PATHS = (
					"$(inherited)",
					"@executable_path/Frameworks",
				);
				PRODUCT_BUNDLE_IDENTIFIER = "foursquare-map-project.FourSquare-Map-Project";
				PRODUCT_NAME = "$(TARGET_NAME)";
				SWIFT_VERSION = 5.0;
				TARGETED_DEVICE_FAMILY = "1,2";
			};
			name = Debug;
		};
		08BBE8A5237376DA00DFF2F7 /* Release */ = {
			isa = XCBuildConfiguration;
			buildSettings = {
				ASSETCATALOG_COMPILER_APPICON_NAME = AppIcon;
				CODE_SIGN_STYLE = Automatic;
				DEVELOPMENT_TEAM = P7Q76CBS9B;
				INFOPLIST_FILE = "FourSquare Map Project/Info.plist";
				LD_RUNPATH_SEARCH_PATHS = (
					"$(inherited)",
					"@executable_path/Frameworks",
				);
				PRODUCT_BUNDLE_IDENTIFIER = "foursquare-map-project.FourSquare-Map-Project";
				PRODUCT_NAME = "$(TARGET_NAME)";
				SWIFT_VERSION = 5.0;
				TARGETED_DEVICE_FAMILY = "1,2";
			};
			name = Release;
		};
		08BBE8A7237376DA00DFF2F7 /* Debug */ = {
			isa = XCBuildConfiguration;
			buildSettings = {
				ALWAYS_EMBED_SWIFT_STANDARD_LIBRARIES = YES;
				BUNDLE_LOADER = "$(TEST_HOST)";
				CODE_SIGN_STYLE = Automatic;
				DEVELOPMENT_TEAM = P7Q76CBS9B;
				INFOPLIST_FILE = "FourSquare Map ProjectTests/Info.plist";
				IPHONEOS_DEPLOYMENT_TARGET = 13.1;
				LD_RUNPATH_SEARCH_PATHS = (
					"$(inherited)",
					"@executable_path/Frameworks",
					"@loader_path/Frameworks",
				);
				PRODUCT_BUNDLE_IDENTIFIER = "foursquare-map-project.FourSquare-Map-ProjectTests";
				PRODUCT_NAME = "$(TARGET_NAME)";
				SWIFT_VERSION = 5.0;
				TARGETED_DEVICE_FAMILY = "1,2";
				TEST_HOST = "$(BUILT_PRODUCTS_DIR)/FourSquare Map Project.app/FourSquare Map Project";
			};
			name = Debug;
		};
		08BBE8A8237376DA00DFF2F7 /* Release */ = {
			isa = XCBuildConfiguration;
			buildSettings = {
				ALWAYS_EMBED_SWIFT_STANDARD_LIBRARIES = YES;
				BUNDLE_LOADER = "$(TEST_HOST)";
				CODE_SIGN_STYLE = Automatic;
				DEVELOPMENT_TEAM = P7Q76CBS9B;
				INFOPLIST_FILE = "FourSquare Map ProjectTests/Info.plist";
				IPHONEOS_DEPLOYMENT_TARGET = 13.1;
				LD_RUNPATH_SEARCH_PATHS = (
					"$(inherited)",
					"@executable_path/Frameworks",
					"@loader_path/Frameworks",
				);
				PRODUCT_BUNDLE_IDENTIFIER = "foursquare-map-project.FourSquare-Map-ProjectTests";
				PRODUCT_NAME = "$(TARGET_NAME)";
				SWIFT_VERSION = 5.0;
				TARGETED_DEVICE_FAMILY = "1,2";
				TEST_HOST = "$(BUILT_PRODUCTS_DIR)/FourSquare Map Project.app/FourSquare Map Project";
			};
			name = Release;
		};
/* End XCBuildConfiguration section */

/* Begin XCConfigurationList section */
		08BBE87F237376D700DFF2F7 /* Build configuration list for PBXProject "FourSquare Map Project" */ = {
			isa = XCConfigurationList;
			buildConfigurations = (
				08BBE8A1237376DA00DFF2F7 /* Debug */,
				08BBE8A2237376DA00DFF2F7 /* Release */,
			);
			defaultConfigurationIsVisible = 0;
			defaultConfigurationName = Release;
		};
		08BBE8A3237376DA00DFF2F7 /* Build configuration list for PBXNativeTarget "FourSquare Map Project" */ = {
			isa = XCConfigurationList;
			buildConfigurations = (
				08BBE8A4237376DA00DFF2F7 /* Debug */,
				08BBE8A5237376DA00DFF2F7 /* Release */,
			);
			defaultConfigurationIsVisible = 0;
			defaultConfigurationName = Release;
		};
		08BBE8A6237376DA00DFF2F7 /* Build configuration list for PBXNativeTarget "FourSquare Map ProjectTests" */ = {
			isa = XCConfigurationList;
			buildConfigurations = (
				08BBE8A7237376DA00DFF2F7 /* Debug */,
				08BBE8A8237376DA00DFF2F7 /* Release */,
			);
			defaultConfigurationIsVisible = 0;
			defaultConfigurationName = Release;
		};
/* End XCConfigurationList section */
	};
	rootObject = 08BBE87C237376D700DFF2F7 /* Project object */;
}
